hash: 75c7ee1fdb954853d3ab8f1b62b85ad7c1a8719da2d2396238f0eba863fb86e0
updated: 2016-06-16T14:14:58.047959949-04:00
imports:
- name: github.com/pkg/errors
  version: 01fa4104b9c248c8945d14d9f128454d5b28d595
- name: github.com/blang/semver
  version: aea32c919a18e5ef4537bbd283ff29594b1b0165
- name: github.com/urfave/cli
  version: 01857ac33766ce0c93856370626f9799281c14f4
- name: github.com/davecgh/go-spew
  version: 5215b55f46b2b919f50a1df0eaa5886afe4e3b3d
- name: github.com/goamz/goamz
  version: 02d5144a587b982e33b95f484a34164ce6923c99
  subpackages:
  - aws
  - s3
- name: github.com/mongodb/amboy
  version: 5a5edd16623b727b322e9b465710e9d6c6df5e3a
  subpackages:
  - dependency
  - job
  - queue
  - registry
  - pool
- name: github.com/pmezard/go-difflib
  version: 792786c7400a136282c1664665ae0a8db921c6c2
- name: github.com/satori/go.uuid
  version: 879c5887cd475cd7864858769793b2ceb0d44feb
- name: github.com/stretchr/objx
  version: 1a9d0bb9f541897e62256577b352fdbc1fb4fd94
- name: github.com/stretchr/testify
  version: d77da356e56a7428ad25149ca77381849a6a5232
- name: github.com/mongodb/grip
  version: 5225ff0b40e7a9500e76f101e7a1bdef741619a0
  subpackages:
  - level
  - loggingg
  - send
  - message
- name: github.com/vaughan0/go-ini
  version: a98ad7ee00ec53921f08832bc06ecf7fd600e6a1
- name: gopkg.in/yaml.v2
  version: a83829b6f1293c91addabc89d0571c246397bbf4
- name: github.com/jpillora/backoff
  version: a6f64285fd4072883335339357436b78d62c96a4
- name: golang.org/x/net
  version: 1358eff22f0dd0c54fc521042cc607f6ff4b531a
- name: github.com/tychoish/lru
  version: ca94ad615cfc1d1109d6a2ba5ac405e5b70af393
- name: github.com/tychoish/bond
  version: ceed6e1835399b6a0e678fe06fa32d405ed42735
- name: github.com/anmitsu/go-shlex
  version: 648efa622239a2f6ff949fed78ee37b48d499ba4
devImports: []
