hash: 75c7ee1fdb954853d3ab8f1b62b85ad7c1a8719da2d2396238f0eba863fb86e0
updated: 2016-06-16T14:14:58.047959949-04:00
imports:
- name: github.com/pkg/errors
  version: ff09b135c25aae272398c51a07235b90a75aa4f0
- name: github.com/google/uuid
  version: c2e93f3ae59f2904160ceaab466009f965df46d6

- name: github.com/blang/semver
  version: aea32c919a18e5ef4537bbd283ff29594b1b0165
- name: github.com/jpillora/backoff
  version: a6f64285fd4072883335339357436b78d62c96a4

- name: github.com/urfave/cli
  version: 01857ac33766ce0c93856370626f9799281c14f4
- name: github.com/Masterminds/glide
  version: 23f6a9d8e774f597faabae8b58b8c6020b3f79ef

- name: github.com/vaughan0/go-ini
  version: a98ad7ee00ec53921f08832bc06ecf7fd600e6a1
- name: github.com/anmitsu/go-shlex
  version: 648efa622239a2f6ff949fed78ee37b48d499ba4
- name: gopkg.in/yaml.v2
  version: 0b1645d91e851e735d3e23330303ce81f70adbe3

- name: github.com/ghodss/yaml
  version: bea76d6a4713e18b7f5321a2b020738552def3ea

- name: github.com/mongodb/grip
  version: 0664a66cb7804cf423e8bd57f1462c84aec01603
- name: github.com/mongodb/amboy
  version: 4f089ad3c37346a21d0b69b6d3c3523628a72a29
- name: github.com/evergreen-ci/gimlet
  version: 7ad1845db582cfcaa26503d841f77a6277b2a258
- name: github.com/evergreen-ci/bond
  version: cd743a5eabee6eab7a40b9a07a829202649e1870
- name: github.com/evergreen-ci/lru
  version: d1b427740b3b78780272eb34942e4ed27e0e101d

- name: github.com/stretchr/testify
  version: 890a5c3458b43e6104ff5da8dfa139d013d77544

- name: github.com/mholt/archiver
  version: e4ef56d48eb029648b0e895bb0b6a393ef0829c3
- name: github.com/papertrail/go-tail
  version: 1b77c8dfcc6baca12dedfab119135396782b68a1
- name: github.com/PuerkitoBio/rehttp
  version: 11cf6ea5d3e9afda34846e1db511aa218049471c
- name: golang.org/x/oauth2
  version: f047394b6d14284165300fd82dad67edb3a4d7f6
- name: github.com/sabhiram/go-git-ignore
  version: d3107576ba9425fc1c85f4b3569c4631b805a02e
- name: github.com/aws/aws-sdk-go
  version: d74b040ceb12d170bd1d5d62cc800efbc78ff129
- name: github.com/jmespath/go-jmespath
  version: bd40a432e4c76585ef6b72d3fd96fb9b6dc7b68d

- name: github.com/evergreen-ci/birch
  version: 3a26bb67719ad6a9e7daed059abd5d018586f3cd

- name: github.com/mongodb/ftdc
  version: d5dbbae38209b053448f889ce16f57f1bee3d296
- name: github.com/mongodb/jasper
  version: 281e09ebe50fa50df46aae4367c468b55f942b76
- name: github.com/mongodb/anser
  version: c65a2d95b0615d79b53ef467c2f836a576972857
- name: github.com/evergreen-ci/poplar
  version: 5e03bb464d891b4578bd0c41deb4394147f7b8ce
- name: github.com/evergreen-ci/pail
  version: 1b1374a4138f044f0eb8ce5f004d6c069f938439
- name: github.com/evergreen-ci/aviation
  version: e576e1538fbf9207f2abb3ded217d5b633f5e379
- name: go.mongodb.org/mongo-driver
  version: 305bc4a5e4131420fe8ba5628e6faa9e6ade4e86
- name: github.com/evergreen-ci/timber
  version: e3dd6952f9168eb00ecc06faa959f8676900501f
- name: github.com/evergreen-ci/birch
  version: 3a26bb67719ad6a9e7daed059abd5d018586f3cd
- name: github.com/evergreen-ci/utility
  version: fa4d444872daa04952cc1bbac12c76395248f436

# grpc and dependencies
- name: google.golang.org/grpc
  version: ac54eec90516cee50fc6b9b113b34628a85f976f
- name: golang.org/x/net
  version: 3a22650c66bd7f4fb6d1e8072ffd7b75c8a27898
- name: golang.org/x/sys
  version: 6c9a33b5f776fb04c14b20a12b8bf37be4ed92da
- name: golang.org/x/text
  version: 6c92c7dc7f53607809182301b96e4cc1975143f1
- name: google.golang.org/genproto
  version: 082222b4a5c572e33e82ee9162d1352c7cf38682
- name: github.com/golang/protobuf
  version: c823c79ea1570fb5ff454033735a8e68575d1d0f
- name: github.com/evergreen-ci/juniper
  version: 75f93ec68b7847d65e8c0508a8553608e0e60aff
